
Microsoft Visual Studio Solution File, Format Version 12.00
# Visual Studio Version 17
VisualStudioVersion = 17.11.35222.181
MinimumVisualStudioVersion = 10.0.40219.1
Project("{FAE04EC0-301F-11D3-BF4B-00C04F79EFBC}") = "OnlineShopOA1135", "OnlineShopOA1135\OnlineShopOA1135.csproj", "{53E45360-6AEF-4CB3-9B55-4580B3C58B00}"
EndProject
Global
	GlobalSection(SolutionConfigurationPlatforms) = preSolution
		Debug|Any CPU = Debug|Any CPU
		Release|Any CPU = Release|Any CPU
	EndGlobalSection
	GlobalSection(ProjectConfigurationPlatforms) = postSolution
		{53E45360-6AEF-4CB3-9B55-4580B3C58B00}.Debug|Any CPU.ActiveCfg = Debug|Any CPU
		{53E45360-6AEF-4CB3-9B55-4580B3C58B00}.Debug|Any CPU.Build.0 = Debug|Any CPU
		{53E45360-6AEF-4CB3-9B55-4580B3C58B00}.Release|Any CPU.ActiveCfg = Release|Any CPU
		{53E45360-6AEF-4CB3-9B55-4580B3C58B00}.Release|Any CPU.Build.0 = Release|Any CPU
	EndGlobalSection
	GlobalSection(SolutionProperties) = preSolution
		HideSolutionNode = FALSE
	EndGlobalSection
	GlobalSection(ExtensibilityGlobals) = postSolution
		SolutionGuid = {607493AE-2DF6-4CCE-BE48-95B77E646E6C}
	EndGlobalSection
EndGlobal
